Microsoft Visual Studio Solution File, Format Version 12.00
# Visual Studio 15
VisualStudioVersion = 15.0.28307.421
MinimumVisualStudioVersion = 10.0.40219.1
Project("{FAE04EC0-301F-11D3-BF4B-00C04F79EFBC}") = "ExpandableViewSample.Android", "ExpandableViewSample.Android\ExpandableViewSample.Android.csproj", "{3885ACF0-209F-4173-BFBF-7A1C0CD59415}"
EndProject
Project("{FAE04EC0-301F-11D3-BF4B-00C04F79EFBC}") = "ExpandableViewSample.iOS", "ExpandableViewSample.iOS\ExpandableViewSample.iOS.csproj", "{4368C920-E8DA-44FA-847E-EC8F292AD6CE}"
EndProject
Project("{9A19103F-16F7-4668-BE54-9A1E7A4F7556}") = "ExpandableViewSample", "ExpandableViewSample\ExpandableViewSample.csproj", "{F9D508F8-CF53-4DC6-8C9A-D0C72B3D6284}"
EndProject
Project("{9A19103F-16F7-4668-BE54-9A1E7A4F7556}") = "ExpandableView", "ExpandableView\ExpandableView.csproj", "{6366BD8B-32C0-4BD5-8104-ABC6150594A6}"
EndProject
Global
	GlobalSection(SolutionConfigurationPlatforms) = preSolution
		Ad-Hoc|Any CPU = Ad-Hoc|Any CPU
		Ad-Hoc|iPhone = Ad-Hoc|iPhone
		Ad-Hoc|iPhoneSimulator = Ad-Hoc|iPhoneSimulator
		AppStore|Any CPU = AppStore|Any CPU
		AppStore|iPhone = AppStore|iPhone
		AppStore|iPhoneSimulator = AppStore|iPhoneSimulator
		Debug|Any CPU = Debug|Any CPU
		Debug|iPhone = Debug|iPhone
		Debug|iPhoneSimulator = Debug|iPhoneSimulator
		Release|Any CPU = Release|Any CPU
		Release|iPhone = Release|iPhone
		Release|iPhoneSimulator = Release|iPhoneSimulator
	EndGlobalSection
	GlobalSection(ProjectConfigurationPlatforms) = postSolution
		{3885ACF0-209F-4173-BFBF-7A1C0CD59415}.Ad-Hoc|Any CPU.ActiveCfg = Release|Any CPU
		{3885ACF0-209F-4173-BFBF-7A1C0CD59415}.Ad-Hoc|Any CPU.Build.0 = Release|Any CPU
		{3885ACF0-209F-4173-BFBF-7A1C0CD59415}.Ad-Hoc|Any CPU.Deploy.0 = Release|Any CPU
		{3885ACF0-209F-4173-BFBF-7A1C0CD59415}.Ad-Hoc|iPhone.ActiveCfg = Debug|Any CPU
		{3885ACF0-209F-4173-BFBF-7A1C0CD59415}.Ad-Hoc|iPhone.Build.0 = Debug|Any CPU
		{3885ACF0-209F-4173-BFBF-7A1C0CD59415}.Ad-Hoc|iPhoneSimulator.ActiveCfg = Release|Any CPU
		{3885ACF0-209F-4173-BFBF-7A1C0CD59415}.Ad-Hoc|iPhoneSimulator.Build.0 = Release|Any CPU
		{3885ACF0-209F-4173-BFBF-7A1C0CD59415}.Ad-Hoc|iPhoneSimulator.Deploy.0 = Release|Any CPU
		{3885ACF0-209F-4173-BFBF-7A1C0CD59415}.AppStore|Any CPU.ActiveCfg = Release|Any CPU
		{3885ACF0-209F-4173-BFBF-7A1C0CD59415}.AppStore|Any CPU.Build.0 = Release|Any CPU
		{3885ACF0-209F-4173-BFBF-7A1C0CD59415}.AppStore|Any CPU.Deploy.0 = Release|Any CPU
		{3885ACF0-209F-4173-BFBF-7A1C0CD59415}.AppStore|iPhone.ActiveCfg = Debug|Any CPU
		{3885ACF0-209F-4173-BFBF-7A1C0CD59415}.AppStore|iPhone.Build.0 = Debug|Any CPU
		{3885ACF0-209F-4173-BFBF-7A1C0CD59415}.AppStore|iPhoneSimulator.ActiveCfg = Release|Any CPU
		{3885ACF0-209F-4173-BFBF-7A1C0CD59415}.AppStore|iPhoneSimulator.Build.0 = Release|Any CPU
		{3885ACF0-209F-4173-BFBF-7A1C0CD59415}.AppStore|iPhoneSimulator.Deploy.0 = Release|Any CPU
		{3885ACF0-209F-4173-BFBF-7A1C0CD59415}.Debug|Any CPU.ActiveCfg = Debug|Any CPU
		{3885ACF0-209F-4173-BFBF-7A1C0CD59415}.Debug|Any CPU.Build.0 = Debug|Any CPU
		{3885ACF0-209F-4173-BFBF-7A1C0CD59415}.Debug|iPhone.ActiveCfg = Debug|Any CPU
		{3885ACF0-209F-4173-BFBF-7A1C0CD59415}.Debug|iPhone.Build.0 = Debug|Any CPU
		{3885ACF0-209F-4173-BFBF-7A1C0CD59415}.Debug|iPhoneSimulator.ActiveCfg = Debug|Any CPU
		{3885ACF0-209F-4173-BFBF-7A1C0CD59415}.Debug|iPhoneSimulator.Build.0 = Debug|Any CPU
		{3885ACF0-209F-4173-BFBF-7A1C0CD59415}.Release|Any CPU.ActiveCfg = Release|Any CPU
		{3885ACF0-209F-4173-BFBF-7A1C0CD59415}.Release|Any CPU.Build.0 = Release|Any CPU
		{3885ACF0-209F-4173-BFBF-7A1C0CD59415}.Release|iPhone.ActiveCfg = Release|Any CPU
		{3885ACF0-209F-4173-BFBF-7A1C0CD59415}.Release|iPhone.Build.0 = Release|Any CPU
		{3885ACF0-209F-4173-BFBF-7A1C0CD59415}.Release|iPhoneSimulator.ActiveCfg = Release|Any CPU
		{3885ACF0-209F-4173-BFBF-7A1C0CD59415}.Release|iPhoneSimulator.Build.0 = Release|Any CPU
		{4368C920-E8DA-44FA-847E-EC8F292AD6CE}.Ad-Hoc|Any CPU.ActiveCfg = Ad-Hoc|iPhoneSimulator
		{4368C920-E8DA-44FA-847E-EC8F292AD6CE}.Ad-Hoc|iPhone.ActiveCfg = Ad-Hoc|iPhone
		{4368C920-E8DA-44FA-847E-EC8F292AD6CE}.Ad-Hoc|iPhone.Build.0 = Ad-Hoc|iPhone
		{4368C920-E8DA-44FA-847E-EC8F292AD6CE}.Ad-Hoc|iPhoneSimulator.ActiveCfg = Ad-Hoc|iPhoneSimulator
		{4368C920-E8DA-44FA-847E-EC8F292AD6CE}.Ad-Hoc|iPhoneSimulator.Build.0 = Ad-Hoc|iPhoneSimulator
		{4368C920-E8DA-44FA-847E-EC8F292AD6CE}.AppStore|Any CPU.ActiveCfg = AppStore|iPhoneSimulator
		{4368C920-E8DA-44FA-847E-EC8F292AD6CE}.AppStore|iPhone.ActiveCfg = AppStore|iPhone
		{4368C920-E8DA-44FA-847E-EC8F292AD6CE}.AppStore|iPhone.Build.0 = AppStore|iPhone
		{4368C920-E8DA-44FA-847E-EC8F292AD6CE}.AppStore|iPhoneSimulator.ActiveCfg = AppStore|iPhoneSimulator
		{4368C920-E8DA-44FA-847E-EC8F292AD6CE}.AppStore|iPhoneSimulator.Build.0 = AppStore|iPhoneSimulator
		{4368C920-E8DA-44FA-847E-EC8F292AD6CE}.Debug|Any CPU.ActiveCfg = Debug|iPhoneSimulator
		{4368C920-E8DA-44FA-847E-EC8F292AD6CE}.Debug|Any CPU.Build.0 = Debug|iPhoneSimulator
		{4368C920-E8DA-44FA-847E-EC8F292AD6CE}.Debug|iPhone.ActiveCfg = Debug|iPhone
		{4368C920-E8DA-44FA-847E-EC8F292AD6CE}.Debug|iPhone.Build.0 = Debug|iPhone
		{4368C920-E8DA-44FA-847E-EC8F292AD6CE}.Debug|iPhoneSimulator.ActiveCfg = Debug|iPhoneSimulator
		{4368C920-E8DA-44FA-847E-EC8F292AD6CE}.Debug|iPhoneSimulator.Build.0 = Debug|iPhoneSimulator
		{4368C920-E8DA-44FA-847E-EC8F292AD6CE}.Release|Any CPU.ActiveCfg = Release|iPhoneSimulator
		{4368C920-E8DA-44FA-847E-EC8F292AD6CE}.Release|Any CPU.Build.0 = Release|iPhoneSimulator
		{4368C920-E8DA-44FA-847E-EC8F292AD6CE}.Release|iPhone.ActiveCfg = Release|iPhone
		{4368C920-E8DA-44FA-847E-EC8F292AD6CE}.Release|iPhone.Build.0 = Release|iPhone
		{4368C920-E8DA-44FA-847E-EC8F292AD6CE}.Release|iPhoneSimulator.ActiveCfg = Release|iPhoneSimulator
		{4368C920-E8DA-44FA-847E-EC8F292AD6CE}.Release|iPhoneSimulator.Build.0 = Release|iPhoneSimulator
		{F9D508F8-CF53-4DC6-8C9A-D0C72B3D6284}.Ad-Hoc|Any CPU.ActiveCfg = Release|Any CPU
		{F9D508F8-CF53-4DC6-8C9A-D0C72B3D6284}.Ad-Hoc|Any CPU.Build.0 = Release|Any CPU
		{F9D508F8-CF53-4DC6-8C9A-D0C72B3D6284}.Ad-Hoc|iPhone.ActiveCfg = Debug|Any CPU
		{F9D508F8-CF53-4DC6-8C9A-D0C72B3D6284}.Ad-Hoc|iPhone.Build.0 = Debug|Any CPU
		{F9D508F8-CF53-4DC6-8C9A-D0C72B3D6284}.Ad-Hoc|iPhoneSimulator.ActiveCfg = Release|Any CPU
		{F9D508F8-CF53-4DC6-8C9A-D0C72B3D6284}.Ad-Hoc|iPhoneSimulator.Build.0 = Release|Any CPU
		{F9D508F8-CF53-4DC6-8C9A-D0C72B3D6284}.AppStore|Any CPU.ActiveCfg = Release|Any CPU
		{F9D508F8-CF53-4DC6-8C9A-D0C72B3D6284}.AppStore|Any CPU.Build.0 = Release|Any CPU
		{F9D508F8-CF53-4DC6-8C9A-D0C72B3D6284}.AppStore|iPhone.ActiveCfg = Debug|Any CPU
		{F9D508F8-CF53-4DC6-8C9A-D0C72B3D6284}.AppStore|iPhone.Build.0 = Debug|Any CPU
		{F9D508F8-CF53-4DC6-8C9A-D0C72B3D6284}.AppStore|iPhoneSimulator.ActiveCfg = Release|Any CPU
		{F9D508F8-CF53-4DC6-8C9A-D0C72B3D6284}.AppStore|iPhoneSimulator.Build.0 = Release|Any CPU
		{F9D508F8-CF53-4DC6-8C9A-D0C72B3D6284}.Debug|Any CPU.ActiveCfg = Debug|Any CPU
		{F9D508F8-CF53-4DC6-8C9A-D0C72B3D6284}.Debug|Any CPU.Build.0 = Debug|Any CPU
		{F9D508F8-CF53-4DC6-8C9A-D0C72B3D6284}.Debug|iPhone.ActiveCfg = Debug|Any CPU
		{F9D508F8-CF53-4DC6-8C9A-D0C72B3D6284}.Debug|iPhone.Build.0 = Debug|Any CPU
		{F9D508F8-CF53-4DC6-8C9A-D0C72B3D6284}.Debug|iPhoneSimulator.ActiveCfg = Debug|Any CPU
		{F9D508F8-CF53-4DC6-8C9A-D0C72B3D6284}.Debug|iPhoneSimulator.Build.0 = Debug|Any CPU
		{F9D508F8-CF53-4DC6-8C9A-D0C72B3D6284}.Release|Any CPU.ActiveCfg = Release|Any CPU
		{F9D508F8-CF53-4DC6-8C9A-D0C72B3D6284}.Release|Any CPU.Build.0 = Release|Any CPU
		{F9D508F8-CF53-4DC6-8C9A-D0C72B3D6284}.Release|iPhone.ActiveCfg = Release|Any CPU
		{F9D508F8-CF53-4DC6-8C9A-D0C72B3D6284}.Release|iPhone.Build.0 = Release|Any CPU
		{F9D508F8-CF53-4DC6-8C9A-D0C72B3D6284}.Release|iPhoneSimulator.ActiveCfg = Release|Any CPU
		{F9D508F8-CF53-4DC6-8C9A-D0C72B3D6284}.Release|iPhoneSimulator.Build.0 = Release|Any CPU
		{6366BD8B-32C0-4BD5-8104-ABC6150594A6}.Ad-Hoc|Any CPU.ActiveCfg = Release|Any CPU
		{6366BD8B-32C0-4BD5-8104-ABC6150594A6}.Ad-Hoc|Any CPU.Build.0 = Release|Any CPU
		{6366BD8B-32C0-4BD5-8104-ABC6150594A6}.Ad-Hoc|iPhone.ActiveCfg = Debug|Any CPU
		{6366BD8B-32C0-4BD5-8104-ABC6150594A6}.Ad-Hoc|iPhone.Build.0 = Debug|Any CPU
		{6366BD8B-32C0-4BD5-8104-ABC6150594A6}.Ad-Hoc|iPhoneSimulator.ActiveCfg = Release|Any CPU
		{6366BD8B-32C0-4BD5-8104-ABC6150594A6}.Ad-Hoc|iPhoneSimulator.Build.0 = Release|Any CPU
		{6366BD8B-32C0-4BD5-8104-ABC6150594A6}.AppStore|Any CPU.ActiveCfg = Release|Any CPU
		{6366BD8B-32C0-4BD5-8104-ABC6150594A6}.AppStore|Any CPU.Build.0 = Release|Any CPU
		{6366BD8B-32C0-4BD5-8104-ABC6150594A6}.AppStore|iPhone.ActiveCfg = Debug|Any CPU
		{6366BD8B-32C0-4BD5-8104-ABC6150594A6}.AppStore|iPhone.Build.0 = Debug|Any CPU
		{6366BD8B-32C0-4BD5-8104-ABC6150594A6}.AppStore|iPhoneSimulator.ActiveCfg = Release|Any CPU
		{6366BD8B-32C0-4BD5-8104-ABC6150594A6}.AppStore|iPhoneSimulator.Build.0 = Release|Any CPU
		{6366BD8B-32C0-4BD5-8104-ABC6150594A6}.Debug|Any CPU.ActiveCfg = Debug|Any CPU
		{6366BD8B-32C0-4BD5-8104-ABC6150594A6}.Debug|Any CPU.Build.0 = Debug|Any CPU
		{6366BD8B-32C0-4BD5-8104-ABC6150594A6}.Debug|iPhone.ActiveCfg = Debug|Any CPU
		{6366BD8B-32C0-4BD5-8104-ABC6150594A6}.Debug|iPhone.Build.0 = Debug|Any CPU
		{6366BD8B-32C0-4BD5-8104-ABC6150594A6}.Debug|iPhoneSimulator.ActiveCfg = Debug|Any CPU
		{6366BD8B-32C0-4BD5-8104-ABC6150594A6}.Debug|iPhoneSimulator.Build.0 = Debug|Any CPU
		{6366BD8B-32C0-4BD5-8104-ABC6150594A6}.Release|Any CPU.ActiveCfg = Release|Any CPU
		{6366BD8B-32C0-4BD5-8104-ABC6150594A6}.Release|Any CPU.Build.0 = Release|Any CPU
		{6366BD8B-32C0-4BD5-8104-ABC6150594A6}.Release|iPhone.ActiveCfg = Release|Any CPU
		{6366BD8B-32C0-4BD5-8104-ABC6150594A6}.Release|iPhone.Build.0 = Release|Any CPU
		{6366BD8B-32C0-4BD5-8104-ABC6150594A6}.Release|iPhoneSimulator.ActiveCfg = Release|Any CPU
		{6366BD8B-32C0-4BD5-8104-ABC6150594A6}.Release|iPhoneSimulator.Build.0 = Release|Any CPU
	EndGlobalSection
	GlobalSection(SolutionProperties) = preSolution
		HideSolutionNode = FALSE
	EndGlobalSection
	GlobalSection(ExtensibilityGlobals) = postSolution
		SolutionGuid = {5EFF4E63-615D-4A5B-AC54-EAD5DBBB65D9}
	EndGlobalSection
EndGlobal
